// !$*UTF8*$!
{
	archiveVersion = 1;
	classes = {
	};
	objectVersion = 56;
	objects = {

/* Begin PBXBuildFile section */
		6C482DE92B0A5B8B004B6579 /* MyTimerApp.swift in Sources */ = {isa = PBXBuildFile; fileRef = 6C482DE82B0A5B8B004B6579 /* MyTimerApp.swift */; };
		6C482DEB2B0A5B8B004B6579 /* ContentView.swift in Sources */ = {isa = PBXBuildFile; fileRef = 6C482DEA2B0A5B8B004B6579 /* ContentView.swift */; };
		6C482DED2B0A5B8C004B6579 /* Assets.xcassets in Resources */ = {isa = PBXBuildFile; fileRef = 6C482DEC2B0A5B8C004B6579 /* Assets.xcassets */; };
		6C482DF02B0A5B8C004B6579 /* Preview Assets.xcassets in Resources */ = {isa = PBXBuildFile; fileRef = 6C482DEF2B0A5B8C004B6579 /* Preview Assets.xcassets */; };
		6C482DFA2B0A5B8C004B6579 /* MyTimerTests.swift in Sources */ = {isa = PBXBuildFile; fileRef = 6C482DF92B0A5B8C004B6579 /* MyTimerTests.swift */; };
		6C482E042B0A5B8C004B6579 /* MyTimerUITests.swift in Sources */ = {isa = PBXBuildFile; fileRef = 6C482E032B0A5B8C004B6579 /* MyTimerUITests.swift */; };
		6C482E062B0A5B8C004B6579 /* MyTimerUITestsLaunchTests.swift in Sources */ = {isa = PBXBuildFile; fileRef = 6C482E052B0A5B8C004B6579 /* MyTimerUITestsLaunchTests.swift */; };
/* End PBXBuildFile section */

/* Begin PBXContainerItemProxy section */
		6C482DF62B0A5B8C004B6579 /* PBXContainerItemProxy */ = {
			isa = PBXContainerItemProxy;
			containerPortal = 6C482DDD2B0A5B8B004B6579 /* Project object */;
			proxyType = 1;
			remoteGlobalIDString = 6C482DE42B0A5B8B004B6579;
			remoteInfo = MyTimer;
		};
		6C482E002B0A5B8C004B6579 /* PBXContainerItemProxy */ = {
			isa = PBXContainerItemProxy;
			containerPortal = 6C482DDD2B0A5B8B004B6579 /* Project object */;
			proxyType = 1;
			remoteGlobalIDString = 6C482DE42B0A5B8B004B6579;
			remoteInfo = MyTimer;
		};
/* End PBXContainerItemProxy section */

/* Begin PBXFileReference section */
		6C482DE52B0A5B8B004B6579 /* MyTimer.app */ = {isa = PBXFileReference; explicitFileType = wrapper.application; includeInIndex = 0; path = MyTimer.app; sourceTree = BUILT_PRODUCTS_DIR; };
		6C482DE82B0A5B8B004B6579 /* MyTimerApp.swift */ = {isa = PBXFileReference; lastKnownFileType = sourcecode.swift; path = MyTimerApp.swift; sourceTree = "<group>"; };
		6C482DEA2B0A5B8B004B6579 /* ContentView.swift */ = {isa = PBXFileReference; lastKnownFileType = sourcecode.swift; path = ContentView.swift; sourceTree = "<group>"; };
		6C482DEC2B0A5B8C004B6579 /* Assets.xcassets */ = {isa = PBXFileReference; lastKnownFileType = folder.assetcatalog; path = Assets.xcassets; sourceTree = "<group>"; };
		6C482DEF2B0A5B8C004B6579 /* Preview Assets.xcassets */ = {isa = PBXFileReference; lastKnownFileType = folder.assetcatalog; path = "Preview Assets.xcassets"; sourceTree = "<group>"; };
		6C482DF52B0A5B8C004B6579 /* MyTimerTests.xctest */ = {isa = PBXFileReference; explicitFileType = wrapper.cfbundle; includeInIndex = 0; path = MyTimerTests.xctest; sourceTree = BUILT_PRODUCTS_DIR; };
		6C482DF92B0A5B8C004B6579 /* MyTimerTests.swift */ = {isa = PBXFileReference; lastKnownFileType = sourcecode.swift; path = MyTimerTests.swift; sourceTree = "<group>"; };
		6C482DFF2B0A5B8C004B6579 /* MyTimerUITests.xctest */ = {isa = PBXFileReference; explicitFileType = wrapper.cfbundle; includeInIndex = 0; path = MyTimerUITests.xctest; sourceTree = BUILT_PRODUCTS_DIR; };
		6C482E032B0A5B8C004B6579 /* MyTimerUITests.swift */ = {isa = PBXFileReference; lastKnownFileType = sourcecode.swift; path = MyTimerUITests.swift; sourceTree = "<group>"; };
		6C482E052B0A5B8C004B6579 /* MyTimerUITestsLaunchTests.swift */ = {isa = PBXFileReference; lastKnownFileType = sourcecode.swift; path = MyTimerUITestsLaunchTests.swift; sourceTree = "<group>"; };
/* End PBXFileReference section */

/* Begin PBXFrameworksBuildPhase section */
		6C482DE22B0A5B8B004B6579 /* Frameworks */ = {
			isa = PBXFrameworksBuildPhase;
			buildActionMask = 2147483647;
			files = (
			);
			runOnlyForDeploymentPostprocessing = 0;
		};
		6C482DF22B0A5B8C004B6579 /* Frameworks */ = {
			isa = PBXFrameworksBuildPhase;
			buildActionMask = 2147483647;
			files = (
			);
			runOnlyForDeploymentPostprocessing = 0;
		};
		6C482DFC2B0A5B8C004B6579 /* Frameworks */ = {
			isa = PBXFrameworksBuildPhase;
			buildActionMask = 2147483647;
			files = (
			);
			runOnlyForDeploymentPostprocessing = 0;
		};
/* End PBXFrameworksBuildPhase section */

/* Begin PBXGroup section */
		6C482DDC2B0A5B8B004B6579 = {
			isa = PBXGroup;
			children = (
				6C482DE72B0A5B8B004B6579 /* MyTimer */,
				6C482DF82B0A5B8C004B6579 /* MyTimerTests */,
				6C482E022B0A5B8C004B6579 /* MyTimerUITests */,
				6C482DE62B0A5B8B004B6579 /* Products */,
			);
			sourceTree = "<group>";
		};
		6C482DE62B0A5B8B004B6579 /* Products */ = {
			isa = PBXGroup;
			children = (
				6C482DE52B0A5B8B004B6579 /* MyTimer.app */,
				6C482DF52B0A5B8C004B6579 /* MyTimerTests.xctest */,
				6C482DFF2B0A5B8C004B6579 /* MyTimerUITests.xctest */,
			);
			name = Products;
			sourceTree = "<group>";
		};
		6C482DE72B0A5B8B004B6579 /* MyTimer */ = {
			isa = PBXGroup;
			children = (
				6C482DE82B0A5B8B004B6579 /* MyTimerApp.swift */,
				6C482DEA2B0A5B8B004B6579 /* ContentView.swift */,
				6C482DEC2B0A5B8C004B6579 /* Assets.xcassets */,
				6C482DEE2B0A5B8C004B6579 /* Preview Content */,
			);
			path = MyTimer;
			sourceTree = "<group>";
		};
		6C482DEE2B0A5B8C004B6579 /* Preview Content */ = {
			isa = PBXGroup;
			children = (
				6C482DEF2B0A5B8C004B6579 /* Preview Assets.xcassets */,
			);
			path = "Preview Content";
			sourceTree = "<group>";
		};
		6C482DF82B0A5B8C004B6579 /* MyTimerTests */ = {
			isa = PBXGroup;
			children = (
				6C482DF92B0A5B8C004B6579 /* MyTimerTests.swift */,
			);
			path = MyTimerTests;
			sourceTree = "<group>";
		};
		6C482E022B0A5B8C004B6579 /* MyTimerUITests */ = {
			isa = PBXGroup;
			children = (
				6C482E032B0A5B8C004B6579 /* MyTimerUITests.swift */,
				6C482E052B0A5B8C004B6579 /* MyTimerUITestsLaunchTests.swift */,
			);
			path = MyTimerUITests;
			sourceTree = "<group>";
		};
/* End PBXGroup section */

/* Begin PBXNativeTarget section */
		6C482DE42B0A5B8B004B6579 /* MyTimer */ = {
			isa = PBXNativeTarget;
			buildConfigurationList = 6C482E092B0A5B8C004B6579 /* Build configuration list for PBXNativeTarget "MyTimer" */;
			buildPhases = (
				6C482DE12B0A5B8B004B6579 /* Sources */,
				6C482DE22B0A5B8B004B6579 /* Frameworks */,
				6C482DE32B0A5B8B004B6579 /* Resources */,
			);
			buildRules = (
			);
			dependencies = (
			);
			name = MyTimer;
			productName = MyTimer;
			productReference = 6C482DE52B0A5B8B004B6579 /* MyTimer.app */;
			productType = "com.apple.product-type.application";
		};
		6C482DF42B0A5B8C004B6579 /* MyTimerTests */ = {
			isa = PBXNativeTarget;
			buildConfigurationList = 6C482E0C2B0A5B8C004B6579 /* Build configuration list for PBXNativeTarget "MyTimerTests" */;
			buildPhases = (
				6C482DF12B0A5B8C004B6579 /* Sources */,
				6C482DF22B0A5B8C004B6579 /* Frameworks */,
				6C482DF32B0A5B8C004B6579 /* Resources */,
			);
			buildRules = (
			);
			dependencies = (
				6C482DF72B0A5B8C004B6579 /* PBXTargetDependency */,
			);
			name = MyTimerTests;
			productName = MyTimerTests;
			productReference = 6C482DF52B0A5B8C004B6579 /* MyTimerTests.xctest */;
			productType = "com.apple.product-type.bundle.unit-test";
		};
		6C482DFE2B0A5B8C004B6579 /* MyTimerUITests */ = {
			isa = PBXNativeTarget;
			buildConfigurationList = 6C482E0F2B0A5B8C004B6579 /* Build configuration list for PBXNativeTarget "MyTimerUITests" */;
			buildPhases = (
				6C482DFB2B0A5B8C004B6579 /* Sources */,
				6C482DFC2B0A5B8C004B6579 /* Frameworks */,
				6C482DFD2B0A5B8C004B6579 /* Resources */,
			);
			buildRules = (
			);
			dependencies = (
				6C482E012B0A5B8C004B6579 /* PBXTargetDependency */,
			);
			name = MyTimerUITests;
			productName = MyTimerUITests;
			productReference = 6C482DFF2B0A5B8C004B6579 /* MyTimerUITests.xctest */;
			productType = "com.apple.product-type.bundle.ui-testing";
		};
/* End PBXNativeTarget section */

/* Begin PBXProject section */
		6C482DDD2B0A5B8B004B6579 /* Project object */ = {
			isa = PBXProject;
			attributes = {
				BuildIndependentTargetsInParallel = 1;
				LastSwiftUpdateCheck = 1500;
				LastUpgradeCheck = 1500;
				TargetAttributes = {
					6C482DE42B0A5B8B004B6579 = {
						CreatedOnToolsVersion = 15.0.1;
					};
					6C482DF42B0A5B8C004B6579 = {
						CreatedOnToolsVersion = 15.0.1;
						TestTargetID = 6C482DE42B0A5B8B004B6579;
					};
					6C482DFE2B0A5B8C004B6579 = {
						CreatedOnToolsVersion = 15.0.1;
						TestTargetID = 6C482DE42B0A5B8B004B6579;
					};
				};
			};
			buildConfigurationList = 6C482DE02B0A5B8B004B6579 /* Build configuration list for PBXProject "MyTimer" */;
			compatibilityVersion = "Xcode 14.0";
			developmentRegion = en;
			hasScannedForEncodings = 0;
			knownRegions = (
				en,
				Base,
			);
			mainGroup = 6C482DDC2B0A5B8B004B6579;
			productRefGroup = 6C482DE62B0A5B8B004B6579 /* Products */;
			projectDirPath = "";
			projectRoot = "";
			targets = (
				6C482DE42B0A5B8B004B6579 /* MyTimer */,
				6C482DF42B0A5B8C004B6579 /* MyTimerTests */,
				6C482DFE2B0A5B8C004B6579 /* MyTimerUITests */,
			);
		};
/* End PBXProject section */

/* Begin PBXResourcesBuildPhase section */
		6C482DE32B0A5B8B004B6579 /* Resources */ = {
			isa = PBXResourcesBuildPhase;
			buildActionMask = 2147483647;
			files = (
				6C482DF02B0A5B8C004B6579 /* Preview Assets.xcassets in Resources */,
				6C482DED2B0A5B8C004B6579 /* Assets.xcassets in Resources */,
			);
			runOnlyForDeploymentPostprocessing = 0;
		};
		6C482DF32B0A5B8C004B6579 /* Resources */ = {
			isa = PBXResourcesBuildPhase;
			buildActionMask = 2147483647;
			files = (
			);
			runOnlyForDeploymentPostprocessing = 0;
		};
		6C482DFD2B0A5B8C004B6579 /* Resources */ = {
			isa = PBXResourcesBuildPhase;
			buildActionMask = 2147483647;
			files = (
			);
			runOnlyForDeploymentPostprocessing = 0;
		};
/* End PBXResourcesBuildPhase section */

/* Begin PBXSourcesBuildPhase section */
		6C482DE12B0A5B8B004B6579 /* Sources */ = {
			isa = PBXSourcesBuildPhase;
			buildActionMask = 2147483647;
			files = (
				6C482DEB2B0A5B8B004B6579 /* ContentView.swift in Sources */,
				6C482DE92B0A5B8B004B6579 /* MyTimerApp.swift in Sources */,
			);
			runOnlyForDeploymentPostprocessing = 0;
		};
		6C482DF12B0A5B8C004B6579 /* Sources */ = {
			isa = PBXSourcesBuildPhase;
			buildActionMask = 2147483647;
			files = (
				6C482DFA2B0A5B8C004B6579 /* MyTimerTests.swift in Sources */,
			);
			runOnlyForDeploymentPostprocessing = 0;
		};
		6C482DFB2B0A5B8C004B6579 /* Sources */ = {
			isa = PBXSourcesBuildPhase;
			buildActionMask = 2147483647;
			files = (
				6C482E062B0A5B8C004B6579 /* MyTimerUITestsLaunchTests.swift in Sources */,
				6C482E042B0A5B8C004B6579 /* MyTimerUITests.swift in Sources */,
			);
			runOnlyForDeploymentPostprocessing = 0;
		};
/* End PBXSourcesBuildPhase section */

/* Begin PBXTargetDependency section */
		6C482DF72B0A5B8C004B6579 /* PBXTargetDependency */ = {
			isa = PBXTargetDependency;
			target = 6C482DE42B0A5B8B004B6579 /* MyTimer */;
			targetProxy = 6C482DF62B0A5B8C004B6579 /* PBXContainerItemProxy */;
		};
		6C482E012B0A5B8C004B6579 /* PBXTargetDependency */ = {
			isa = PBXTargetDependency;
			target = 6C482DE42B0A5B8B004B6579 /* MyTimer */;
			targetProxy = 6C482E002B0A5B8C004B6579 /* PBXContainerItemProxy */;
		};
/* End PBXTargetDependency section */

/* Begin XCBuildConfiguration section */
		6C482E072B0A5B8C004B6579 /* Debug */ = {
			isa = XCBuildConfiguration;
			buildSettings = {
				ALWAYS_SEARCH_USER_PATHS = NO;
				ASSETCATALOG_COMPILER_GENERATE_SWIFT_ASSET_SYMBOL_EXTENSIONS = YES;
				CLANG_ANALYZER_NONNULL = YES;
				CLANG_ANALYZER_NUMBER_OBJECT_CONVERSION = YES_AGGRESSIVE;
				CLANG_CXX_LANGUAGE_STANDARD = "gnu++20";
				CLANG_ENABLE_MODULES = YES;
				CLANG_ENABLE_OBJC_ARC = YES;
				CLANG_ENABLE_OBJC_WEAK = YES;
				CLANG_WARN_BLOCK_CAPTURE_AUTORELEASING = YES;
				CLANG_WARN_BOOL_CONVERSION = YES;
				CLANG_WARN_COMMA = YES;
				CLANG_WARN_CONSTANT_CONVERSION = YES;
				CLANG_WARN_DEPRECATED_OBJC_IMPLEMENTATIONS = YES;
				CLANG_WARN_DIRECT_OBJC_ISA_USAGE = YES_ERROR;
				CLANG_WARN_DOCUMENTATION_COMMENTS = YES;
				CLANG_WARN_EMPTY_BODY = YES;
				CLANG_WARN_ENUM_CONVERSION = YES;
				CLANG_WARN_INFINITE_RECURSION = YES;
				CLANG_WARN_INT_CONVERSION = YES;
				CLANG_WARN_NON_LITERAL_NULL_CONVERSION = YES;
				CLANG_WARN_OBJC_IMPLICIT_RETAIN_SELF = YES;
				CLANG_WARN_OBJC_LITERAL_CONVERSION = YES;
				CLANG_WARN_OBJC_ROOT_CLASS = YES_ERROR;
				CLANG_WARN_QUOTED_INCLUDE_IN_FRAMEWORK_HEADER = YES;
				CLANG_WARN_RANGE_LOOP_ANALYSIS = YES;
				CLANG_WARN_STRICT_PROTOTYPES = YES;
				CLANG_WARN_SUSPICIOUS_MOVE = YES;
				CLANG_WARN_UNGUARDED_AVAILABILITY = YES_AGGRESSIVE;
				CLANG_WARN_UNREACHABLE_CODE = YES;
				CLANG_WARN__DUPLICATE_METHOD_MATCH = YES;
				COPY_PHASE_STRIP = NO;
				DEBUG_INFORMATION_FORMAT = dwarf;
				ENABLE_STRICT_OBJC_MSGSEND = YES;
				ENABLE_TESTABILITY = YES;
				ENABLE_USER_SCRIPT_SANDBOXING = YES;
				GCC_C_LANGUAGE_STANDARD = gnu17;
				GCC_DYNAMIC_NO_PIC = NO;
				GCC_NO_COMMON_BLOCKS = YES;
				GCC_OPTIMIZATION_LEVEL = 0;
				GCC_PREPROCESSOR_DEFINITIONS = (
					"DEBUG=1",
					"$(inherited)",
				);
				GCC_WARN_64_TO_32_BIT_CONVERSION = YES;
				GCC_WARN_ABOUT_RETURN_TYPE = YES_ERROR;
				GCC_WARN_UNDECLARED_SELECTOR = YES;
				GCC_WARN_UNINITIALIZED_AUTOS = YES_AGGRESSIVE;
				GCC_WARN_UNUSED_FUNCTION = YES;
				GCC_WARN_UNUSED_VARIABLE = YES;
				IPHONEOS_DEPLOYMENT_TARGET = 17.0;
				LOCALIZATION_PREFERS_STRING_CATALOGS = YES;
				MTL_ENABLE_DEBUG_INFO = INCLUDE_SOURCE;
				MTL_FAST_MATH = YES;
				ONLY_ACTIVE_ARCH = YES;
				SDKROOT = iphoneos;
				SWIFT_ACTIVE_COMPILATION_CONDITIONS = "DEBUG $(inherited)";
				SWIFT_OPTIMIZATION_LEVEL = "-Onone";
			};
			name = Debug;
		};
		6C482E082B0A5B8C004B6579 /* Release */ = {
			isa = XCBuildConfiguration;
			buildSettings = {
				ALWAYS_SEARCH_USER_PATHS = NO;
				ASSETCATALOG_COMPILER_GENERATE_SWIFT_ASSET_SYMBOL_EXTENSIONS = YES;
				CLANG_ANALYZER_NONNULL = YES;
				CLANG_ANALYZER_NUMBER_OBJECT_CONVERSION = YES_AGGRESSIVE;
				CLANG_CXX_LANGUAGE_STANDARD = "gnu++20";
				CLANG_ENABLE_MODULES = YES;
				CLANG_ENABLE_OBJC_ARC = YES;
				CLANG_ENABLE_OBJC_WEAK = YES;
				CLANG_WARN_BLOCK_CAPTURE_AUTORELEASING = YES;
				CLANG_WARN_BOOL_CONVERSION = YES;
				CLANG_WARN_COMMA = YES;
				CLANG_WARN_CONSTANT_CONVERSION = YES;
				CLANG_WARN_DEPRECATED_OBJC_IMPLEMENTATIONS = YES;
				CLANG_WARN_DIRECT_OBJC_ISA_USAGE = YES_ERROR;
				CLANG_WARN_DOCUMENTATION_COMMENTS = YES;
				CLANG_WARN_EMPTY_BODY = YES;
				CLANG_WARN_ENUM_CONVERSION = YES;
				CLANG_WARN_INFINITE_RECURSION = YES;
				CLANG_WARN_INT_CONVERSION = YES;
				CLANG_WARN_NON_LITERAL_NULL_CONVERSION = YES;
				CLANG_WARN_OBJC_IMPLICIT_RETAIN_SELF = YES;
				CLANG_WARN_OBJC_LITERAL_CONVERSION = YES;
				CLANG_WARN_OBJC_ROOT_CLASS = YES_ERROR;
				CLANG_WARN_QUOTED_INCLUDE_IN_FRAMEWORK_HEADER = YES;
				CLANG_WARN_RANGE_LOOP_ANALYSIS = YES;
				CLANG_WARN_STRICT_PROTOTYPES = YES;
				CLANG_WARN_SUSPICIOUS_MOVE = YES;
				CLANG_WARN_UNGUARDED_AVAILABILITY = YES_AGGRESSIVE;
				CLANG_WARN_UNREACHABLE_CODE = YES;
				CLANG_WARN__DUPLICATE_METHOD_MATCH = YES;
				COPY_PHASE_STRIP = NO;
				DEBUG_INFORMATION_FORMAT = "dwarf-with-dsym";
				ENABLE_NS_ASSERTIONS = NO;
				ENABLE_STRICT_OBJC_MSGSEND = YES;
				ENABLE_USER_SCRIPT_SANDBOXING = YES;
				GCC_C_LANGUAGE_STANDARD = gnu17;
				GCC_NO_COMMON_BLOCKS = YES;
				GCC_WARN_64_TO_32_BIT_CONVERSION = YES;
				GCC_WARN_ABOUT_RETURN_TYPE = YES_ERROR;
				GCC_WARN_UNDECLARED_SELECTOR = YES;
				GCC_WARN_UNINITIALIZED_AUTOS = YES_AGGRESSIVE;
				GCC_WARN_UNUSED_FUNCTION = YES;
				GCC_WARN_UNUSED_VARIABLE = YES;
				IPHONEOS_DEPLOYMENT_TARGET = 17.0;
				LOCALIZATION_PREFERS_STRING_CATALOGS = YES;
				MTL_ENABLE_DEBUG_INFO = NO;
				MTL_FAST_MATH = YES;
				SDKROOT = iphoneos;
				SWIFT_COMPILATION_MODE = wholemodule;
				VALIDATE_PRODUCT = YES;
			};
			name = Release;
		};
		6C482E0A2B0A5B8C004B6579 /* Debug */ = {
			isa = XCBuildConfiguration;
			buildSettings = {
				ASSETCATALOG_COMPILER_APPICON_NAME = AppIcon;
				ASSETCATALOG_COMPILER_GLOBAL_ACCENT_COLOR_NAME = AccentColor;
				CODE_SIGN_STYLE = Automatic;
				CURRENT_PROJECT_VERSION = 1;
				DEVELOPMENT_ASSET_PATHS = "\"MyTimer/Preview Content\"";
				DEVELOPMENT_TEAM = Q8GX8982TK;
				ENABLE_PREVIEWS = YES;
				GENERATE_INFOPLIST_FILE = YES;
				INFOPLIST_KEY_UIApplicationSceneManifest_Generation = YES;
				INFOPLIST_KEY_UIApplicationSupportsIndirectInputEvents = YES;
				INFOPLIST_KEY_UILaunchScreen_Generation = YES;
				INFOPLIST_KEY_UISupportedInterfaceOrientations_iPad = "UIInterfaceOrientationPortrait UIInterfaceOrientationPortraitUpsideDown UIInterfaceOrientationLandscapeLeft UIInterfaceOrientationLandscapeRight";
				INFOPLIST_KEY_UISupportedInterfaceOrientations_iPhone = "UIInterfaceOrientationPortrait UIInterfaceOrientationLandscapeLeft UIInterfaceOrientationLandscapeRight";
				LD_RUNPATH_SEARCH_PATHS = (
					"$(inherited)",
					"@executable_path/Frameworks",
				);
				MARKETING_VERSION = 1.0;
				PRODUCT_BUNDLE_IDENTIFIER = "Swift-Biginners-Book.MyTimer";
				PRODUCT_NAME = "$(TARGET_NAME)";
				SWIFT_EMIT_LOC_STRINGS = YES;
				SWIFT_VERSION = 5.0;
				TARGETED_DEVICE_FAMILY = "1,2";
			};
			name = Debug;
		};
		6C482E0B2B0A5B8C004B6579 /* Release */ = {
			isa = XCBuildConfiguration;
			buildSettings = {
				ASSETCATALOG_COMPILER_APPICON_NAME = AppIcon;
				ASSETCATALOG_COMPILER_GLOBAL_ACCENT_COLOR_NAME = AccentColor;
				CODE_SIGN_STYLE = Automatic;
				CURRENT_PROJECT_VERSION = 1;
				DEVELOPMENT_ASSET_PATHS = "\"MyTimer/Preview Content\"";
				DEVELOPMENT_TEAM = Q8GX8982TK;
				ENABLE_PREVIEWS = YES;
				GENERATE_INFOPLIST_FILE = YES;
				INFOPLIST_KEY_UIApplicationSceneManifest_Generation = YES;
				INFOPLIST_KEY_UIApplicationSupportsIndirectInputEvents = YES;
				INFOPLIST_KEY_UILaunchScreen_Generation = YES;
				INFOPLIST_KEY_UISupportedInterfaceOrientations_iPad = "UIInterfaceOrientationPortrait UIInterfaceOrientationPortraitUpsideDown UIInterfaceOrientationLandscapeLeft UIInterfaceOrientationLandscapeRight";
				INFOPLIST_KEY_UISupportedInterfaceOrientations_iPhone = "UIInterfaceOrientationPortrait UIInterfaceOrientationLandscapeLeft UIInterfaceOrientationLandscapeRight";
				LD_RUNPATH_SEARCH_PATHS = (
					"$(inherited)",
					"@executable_path/Frameworks",
				);
				MARKETING_VERSION = 1.0;
				PRODUCT_BUNDLE_IDENTIFIER = "Swift-Biginners-Book.MyTimer";
				PRODUCT_NAME = "$(TARGET_NAME)";
				SWIFT_EMIT_LOC_STRINGS = YES;
				SWIFT_VERSION = 5.0;
				TARGETED_DEVICE_FAMILY = "1,2";
			};
			name = Release;
		};
		6C482E0D2B0A5B8C004B6579 /* Debug */ = {
			isa = XCBuildConfiguration;
			buildSettings = {
				ALWAYS_EMBED_SWIFT_STANDARD_LIBRARIES = YES;
				BUNDLE_LOADER = "$(TEST_HOST)";
				CODE_SIGN_STYLE = Automatic;
				CURRENT_PROJECT_VERSION = 1;
				DEVELOPMENT_TEAM = Q8GX8982TK;
				GENERATE_INFOPLIST_FILE = YES;
				IPHONEOS_DEPLOYMENT_TARGET = 17.0;
				MARKETING_VERSION = 1.0;
				PRODUCT_BUNDLE_IDENTIFIER = "Swift-Biginners-Book.MyTimerTests";
				PRODUCT_NAME = "$(TARGET_NAME)";
				SWIFT_EMIT_LOC_STRINGS = NO;
				SWIFT_VERSION = 5.0;
				TARGETED_DEVICE_FAMILY = "1,2";
				TEST_HOST = "$(BUILT_PRODUCTS_DIR)/MyTimer.app/$(BUNDLE_EXECUTABLE_FOLDER_PATH)/MyTimer";
			};
			name = Debug;
		};
		6C482E0E2B0A5B8C004B6579 /* Release */ = {
			isa = XCBuildConfiguration;
			buildSettings = {
				ALWAYS_EMBED_SWIFT_STANDARD_LIBRARIES = YES;
				BUNDLE_LOADER = "$(TEST_HOST)";
				CODE_SIGN_STYLE = Automatic;
				CURRENT_PROJECT_VERSION = 1;
				DEVELOPMENT_TEAM = Q8GX8982TK;
				GENERATE_INFOPLIST_FILE = YES;
				IPHONEOS_DEPLOYMENT_TARGET = 17.0;
				MARKETING_VERSION = 1.0;
				PRODUCT_BUNDLE_IDENTIFIER = "Swift-Biginners-Book.MyTimerTests";
				PRODUCT_NAME = "$(TARGET_NAME)";
				SWIFT_EMIT_LOC_STRINGS = NO;
				SWIFT_VERSION = 5.0;
				TARGETED_DEVICE_FAMILY = "1,2";
				TEST_HOST = "$(BUILT_PRODUCTS_DIR)/MyTimer.app/$(BUNDLE_EXECUTABLE_FOLDER_PATH)/MyTimer";
			};
			name = Release;
		};
		6C482E102B0A5B8C004B6579 /* Debug */ = {
			isa = XCBuildConfiguration;
			buildSettings = {
				ALWAYS_EMBED_SWIFT_STANDARD_LIBRARIES = YES;
				CODE_SIGN_STYLE = Automatic;
				CURRENT_PROJECT_VERSION = 1;
				DEVELOPMENT_TEAM = Q8GX8982TK;
				GENERATE_INFOPLIST_FILE = YES;
				MARKETING_VERSION = 1.0;
				PRODUCT_BUNDLE_IDENTIFIER = "Swift-Biginners-Book.MyTimerUITests";
				PRODUCT_NAME = "$(TARGET_NAME)";
				SWIFT_EMIT_LOC_STRINGS = NO;
				SWIFT_VERSION = 5.0;
				TARGETED_DEVICE_FAMILY = "1,2";
				TEST_TARGET_NAME = MyTimer;
			};
			name = Debug;
		};
		6C482E112B0A5B8C004B6579 /* Release */ = {
			isa = XCBuildConfiguration;
			buildSettings = {
				ALWAYS_EMBED_SWIFT_STANDARD_LIBRARIES = YES;
				CODE_SIGN_STYLE = Automatic;
				CURRENT_PROJECT_VERSION = 1;
				DEVELOPMENT_TEAM = Q8GX8982TK;
				GENERATE_INFOPLIST_FILE = YES;
				MARKETING_VERSION = 1.0;
				PRODUCT_BUNDLE_IDENTIFIER = "Swift-Biginners-Book.MyTimerUITests";
				PRODUCT_NAME = "$(TARGET_NAME)";
				SWIFT_EMIT_LOC_STRINGS = NO;
				SWIFT_VERSION = 5.0;
				TARGETED_DEVICE_FAMILY = "1,2";
				TEST_TARGET_NAME = MyTimer;
			};
			name = Release;
		};
/* End XCBuildConfiguration section */

/* Begin XCConfigurationList section */
		6C482DE02B0A5B8B004B6579 /* Build configuration list for PBXProject "MyTimer" */ = {
			isa = XCConfigurationList;
			buildConfigurations = (
				6C482E072B0A5B8C004B6579 /* Debug */,
				6C482E082B0A5B8C004B6579 /* Release */,
			);
			defaultConfigurationIsVisible = 0;
			defaultConfigurationName = Release;
		};
		6C482E092B0A5B8C004B6579 /* Build configuration list for PBXNativeTarget "MyTimer" */ = {
			isa = XCConfigurationList;
			buildConfigurations = (
				6C482E0A2B0A5B8C004B6579 /* Debug */,
				6C482E0B2B0A5B8C004B6579 /* Release */,
			);
			defaultConfigurationIsVisible = 0;
			defaultConfigurationName = Release;
		};
		6C482E0C2B0A5B8C004B6579 /* Build configuration list for PBXNativeTarget "MyTimerTests" */ = {
			isa = XCConfigurationList;
			buildConfigurations = (
				6C482E0D2B0A5B8C004B6579 /* Debug */,
				6C482E0E2B0A5B8C004B6579 /* Release */,
			);
			defaultConfigurationIsVisible = 0;
			defaultConfigurationName = Release;
		};
		6C482E0F2B0A5B8C004B6579 /* Build configuration list for PBXNativeTarget "MyTimerUITests" */ = {
			isa = XCConfigurationList;
			buildConfigurations = (
				6C482E102B0A5B8C004B6579 /* Debug */,
				6C482E112B0A5B8C004B6579 /* Release */,
			);
			defaultConfigurationIsVisible = 0;
			defaultConfigurationName = Release;
		};
/* End XCConfigurationList section */
	};
	rootObject = 6C482DDD2B0A5B8B004B6579 /* Project object */;
}
